
Microsoft Visual Studio Solution File, Format Version 12.00
# Blend for Visual Studio Version 16
VisualStudioVersion = 16.0.31702.278
MinimumVisualStudioVersion = 10.0.40219.1
Project("{FAE04EC0-301F-11D3-BF4B-00C04F79EFBC}") = "Lab11WpfApp2", "Lab11WpfApp2\Lab11WpfApp2.csproj", "{AC48CA4D-0CF5-4100-971A-C0B15DE74B51}"
EndProject
Global
	GlobalSection(SolutionConfigurationPlatforms) = preSolution
		Debug|Any CPU = Debug|Any CPU
		Release|Any CPU = Release|Any CPU
	EndGlobalSection
	GlobalSection(ProjectConfigurationPlatforms) = postSolution
		{AC48CA4D-0CF5-4100-971A-C0B15DE74B51}.Debug|Any CPU.ActiveCfg = Debug|Any CPU
		{AC48CA4D-0CF5-4100-971A-C0B15DE74B51}.Debug|Any CPU.Build.0 = Debug|Any CPU
		{AC48CA4D-0CF5-4100-971A-C0B15DE74B51}.Release|Any CPU.ActiveCfg = Release|Any CPU
		{AC48CA4D-0CF5-4100-971A-C0B15DE74B51}.Release|Any CPU.Build.0 = Release|Any CPU
	EndGlobalSection
	GlobalSection(SolutionProperties) = preSolution
		HideSolutionNode = FALSE
	EndGlobalSection
	GlobalSection(ExtensibilityGlobals) = postSolution
		SolutionGuid = {24868C1E-C5A4-4BBD-A137-2D82B723680B}
	EndGlobalSection
EndGlobal
